
Microsoft Visual Studio Solution File, Format Version 12.00
Project("{FAE04EC0-301F-11D3-BF4B-00C04F79EFBC}") = "Vikle", "Vikle\Vikle\Vikle.csproj", "{8F230DE8-DE29-4E9B-B254-A7C080AD7510}"
EndProject
Project("{FAE04EC0-301F-11D3-BF4B-00C04F79EFBC}") = "Vikle.Android", "Vikle\Vikle.Android\Vikle.Android.csproj", "{E03EFE3B-B893-4164-A575-2CF09E124D05}"
EndProject
Project("{FAE04EC0-301F-11D3-BF4B-00C04F79EFBC}") = "Vikle.iOS", "Vikle\Vikle.iOS\Vikle.iOS.csproj", "{5BF35D14-C42B-4118-A55F-01DC26CB3AC0}"
EndProject
Project("{FAE04EC0-301F-11D3-BF4B-00C04F79EFBC}") = "Vikle.UI", "Vikle.UI\Vikle.UI.csproj", "{8409EEE1-0320-4B8E-863E-C636B71F50A9}"
EndProject
Global
	GlobalSection(SolutionConfigurationPlatforms) = preSolution
		Ad-Hoc|iPhone = Ad-Hoc|iPhone
		AppStore|iPhone = AppStore|iPhone
		Debug|Any CPU = Debug|Any CPU
		Debug|iPhone = Debug|iPhone
		Debug|iPhoneSimulator = Debug|iPhoneSimulator
		Release|Any CPU = Release|Any CPU
		Release|iPhone = Release|iPhone
		Release|iPhoneSimulator = Release|iPhoneSimulator
	EndGlobalSection
	GlobalSection(ProjectConfigurationPlatforms) = postSolution
		{8F230DE8-DE29-4E9B-B254-A7C080AD7510}.Ad-Hoc|iPhone.ActiveCfg = Debug|Any CPU
		{8F230DE8-DE29-4E9B-B254-A7C080AD7510}.Ad-Hoc|iPhone.Build.0 = Debug|Any CPU
		{8F230DE8-DE29-4E9B-B254-A7C080AD7510}.AppStore|iPhone.ActiveCfg = Debug|Any CPU
		{8F230DE8-DE29-4E9B-B254-A7C080AD7510}.AppStore|iPhone.Build.0 = Debug|Any CPU
		{8F230DE8-DE29-4E9B-B254-A7C080AD7510}.Debug|Any CPU.ActiveCfg = Debug|Any CPU
		{8F230DE8-DE29-4E9B-B254-A7C080AD7510}.Debug|Any CPU.Build.0 = Debug|Any CPU
		{8F230DE8-DE29-4E9B-B254-A7C080AD7510}.Debug|iPhone.ActiveCfg = Debug|Any CPU
		{8F230DE8-DE29-4E9B-B254-A7C080AD7510}.Debug|iPhone.Build.0 = Debug|Any CPU
		{8F230DE8-DE29-4E9B-B254-A7C080AD7510}.Debug|iPhoneSimulator.ActiveCfg = Debug|Any CPU
		{8F230DE8-DE29-4E9B-B254-A7C080AD7510}.Debug|iPhoneSimulator.Build.0 = Debug|Any CPU
		{8F230DE8-DE29-4E9B-B254-A7C080AD7510}.Release|Any CPU.ActiveCfg = Release|Any CPU
		{8F230DE8-DE29-4E9B-B254-A7C080AD7510}.Release|Any CPU.Build.0 = Release|Any CPU
		{8F230DE8-DE29-4E9B-B254-A7C080AD7510}.Release|iPhone.ActiveCfg = Release|Any CPU
		{8F230DE8-DE29-4E9B-B254-A7C080AD7510}.Release|iPhone.Build.0 = Release|Any CPU
		{8F230DE8-DE29-4E9B-B254-A7C080AD7510}.Release|iPhoneSimulator.ActiveCfg = Release|Any CPU
		{8F230DE8-DE29-4E9B-B254-A7C080AD7510}.Release|iPhoneSimulator.Build.0 = Release|Any CPU
		{E03EFE3B-B893-4164-A575-2CF09E124D05}.Ad-Hoc|iPhone.ActiveCfg = Debug|Any CPU
		{E03EFE3B-B893-4164-A575-2CF09E124D05}.Ad-Hoc|iPhone.Build.0 = Debug|Any CPU
		{E03EFE3B-B893-4164-A575-2CF09E124D05}.Ad-Hoc|iPhone.Deploy.0 = Debug|Any CPU
		{E03EFE3B-B893-4164-A575-2CF09E124D05}.AppStore|iPhone.ActiveCfg = Debug|Any CPU
		{E03EFE3B-B893-4164-A575-2CF09E124D05}.AppStore|iPhone.Build.0 = Debug|Any CPU
		{E03EFE3B-B893-4164-A575-2CF09E124D05}.AppStore|iPhone.Deploy.0 = Debug|Any CPU
		{E03EFE3B-B893-4164-A575-2CF09E124D05}.Debug|Any CPU.ActiveCfg = Debug|Any CPU
		{E03EFE3B-B893-4164-A575-2CF09E124D05}.Debug|Any CPU.Build.0 = Debug|Any CPU
		{E03EFE3B-B893-4164-A575-2CF09E124D05}.Debug|Any CPU.Deploy.0 = Debug|Any CPU
		{E03EFE3B-B893-4164-A575-2CF09E124D05}.Debug|iPhone.ActiveCfg = Debug|Any CPU
		{E03EFE3B-B893-4164-A575-2CF09E124D05}.Debug|iPhone.Build.0 = Debug|Any CPU
		{E03EFE3B-B893-4164-A575-2CF09E124D05}.Debug|iPhone.Deploy.0 = Debug|Any CPU
		{E03EFE3B-B893-4164-A575-2CF09E124D05}.Debug|iPhoneSimulator.ActiveCfg = Debug|Any CPU
		{E03EFE3B-B893-4164-A575-2CF09E124D05}.Debug|iPhoneSimulator.Build.0 = Debug|Any CPU
		{E03EFE3B-B893-4164-A575-2CF09E124D05}.Debug|iPhoneSimulator.Deploy.0 = Debug|Any CPU
		{E03EFE3B-B893-4164-A575-2CF09E124D05}.Release|Any CPU.ActiveCfg = Release|Any CPU
		{E03EFE3B-B893-4164-A575-2CF09E124D05}.Release|Any CPU.Build.0 = Release|Any CPU
		{E03EFE3B-B893-4164-A575-2CF09E124D05}.Release|Any CPU.Deploy.0 = Release|Any CPU
		{E03EFE3B-B893-4164-A575-2CF09E124D05}.Release|iPhone.ActiveCfg = Release|Any CPU
		{E03EFE3B-B893-4164-A575-2CF09E124D05}.Release|iPhone.Build.0 = Release|Any CPU
		{E03EFE3B-B893-4164-A575-2CF09E124D05}.Release|iPhone.Deploy.0 = Release|Any CPU
		{E03EFE3B-B893-4164-A575-2CF09E124D05}.Release|iPhoneSimulator.ActiveCfg = Release|Any CPU
		{E03EFE3B-B893-4164-A575-2CF09E124D05}.Release|iPhoneSimulator.Build.0 = Release|Any CPU
		{E03EFE3B-B893-4164-A575-2CF09E124D05}.Release|iPhoneSimulator.Deploy.0 = Release|Any CPU
		{5BF35D14-C42B-4118-A55F-01DC26CB3AC0}.Ad-Hoc|iPhone.ActiveCfg = Ad-Hoc|iPhone
		{5BF35D14-C42B-4118-A55F-01DC26CB3AC0}.Ad-Hoc|iPhone.Build.0 = Ad-Hoc|iPhone
		{5BF35D14-C42B-4118-A55F-01DC26CB3AC0}.Ad-Hoc|iPhone.Deploy.0 = Ad-Hoc|iPhone
		{5BF35D14-C42B-4118-A55F-01DC26CB3AC0}.AppStore|iPhone.ActiveCfg = AppStore|iPhone
		{5BF35D14-C42B-4118-A55F-01DC26CB3AC0}.AppStore|iPhone.Build.0 = AppStore|iPhone
		{5BF35D14-C42B-4118-A55F-01DC26CB3AC0}.AppStore|iPhone.Deploy.0 = AppStore|iPhone
		{5BF35D14-C42B-4118-A55F-01DC26CB3AC0}.Debug|Any CPU.ActiveCfg = Debug|iPhoneSimulator
		{5BF35D14-C42B-4118-A55F-01DC26CB3AC0}.Debug|Any CPU.Build.0 = Debug|iPhoneSimulator
		{5BF35D14-C42B-4118-A55F-01DC26CB3AC0}.Debug|Any CPU.Deploy.0 = Debug|iPhoneSimulator
		{5BF35D14-C42B-4118-A55F-01DC26CB3AC0}.Debug|iPhone.ActiveCfg = Debug|iPhone
		{5BF35D14-C42B-4118-A55F-01DC26CB3AC0}.Debug|iPhone.Build.0 = Debug|iPhone
		{5BF35D14-C42B-4118-A55F-01DC26CB3AC0}.Debug|iPhone.Deploy.0 = Debug|iPhone
		{5BF35D14-C42B-4118-A55F-01DC26CB3AC0}.Debug|iPhoneSimulator.ActiveCfg = Debug|iPhoneSimulator
		{5BF35D14-C42B-4118-A55F-01DC26CB3AC0}.Debug|iPhoneSimulator.Build.0 = Debug|iPhoneSimulator
		{5BF35D14-C42B-4118-A55F-01DC26CB3AC0}.Debug|iPhoneSimulator.Deploy.0 = Debug|iPhoneSimulator
		{5BF35D14-C42B-4118-A55F-01DC26CB3AC0}.Release|Any CPU.ActiveCfg = Release|iPhoneSimulator
		{5BF35D14-C42B-4118-A55F-01DC26CB3AC0}.Release|Any CPU.Build.0 = Release|iPhoneSimulator
		{5BF35D14-C42B-4118-A55F-01DC26CB3AC0}.Release|Any CPU.Deploy.0 = Release|iPhoneSimulator
		{5BF35D14-C42B-4118-A55F-01DC26CB3AC0}.Release|iPhone.ActiveCfg = Release|iPhone
		{5BF35D14-C42B-4118-A55F-01DC26CB3AC0}.Release|iPhone.Build.0 = Release|iPhone
		{5BF35D14-C42B-4118-A55F-01DC26CB3AC0}.Release|iPhone.Deploy.0 = Release|iPhone
		{5BF35D14-C42B-4118-A55F-01DC26CB3AC0}.Release|iPhoneSimulator.ActiveCfg = Release|iPhoneSimulator
		{5BF35D14-C42B-4118-A55F-01DC26CB3AC0}.Release|iPhoneSimulator.Build.0 = Release|iPhoneSimulator
		{5BF35D14-C42B-4118-A55F-01DC26CB3AC0}.Release|iPhoneSimulator.Deploy.0 = Release|iPhoneSimulator
		{8409EEE1-0320-4B8E-863E-C636B71F50A9}.Ad-Hoc|iPhone.ActiveCfg = Debug|Any CPU
		{8409EEE1-0320-4B8E-863E-C636B71F50A9}.Ad-Hoc|iPhone.Build.0 = Debug|Any CPU
		{8409EEE1-0320-4B8E-863E-C636B71F50A9}.AppStore|iPhone.ActiveCfg = Debug|Any CPU
		{8409EEE1-0320-4B8E-863E-C636B71F50A9}.AppStore|iPhone.Build.0 = Debug|Any CPU
		{8409EEE1-0320-4B8E-863E-C636B71F50A9}.Debug|Any CPU.ActiveCfg = Debug|Any CPU
		{8409EEE1-0320-4B8E-863E-C636B71F50A9}.Debug|Any CPU.Build.0 = Debug|Any CPU
		{8409EEE1-0320-4B8E-863E-C636B71F50A9}.Debug|iPhone.ActiveCfg = Debug|Any CPU
		{8409EEE1-0320-4B8E-863E-C636B71F50A9}.Debug|iPhone.Build.0 = Debug|Any CPU
		{8409EEE1-0320-4B8E-863E-C636B71F50A9}.Debug|iPhoneSimulator.ActiveCfg = Debug|Any CPU
		{8409EEE1-0320-4B8E-863E-C636B71F50A9}.Debug|iPhoneSimulator.Build.0 = Debug|Any CPU
		{8409EEE1-0320-4B8E-863E-C636B71F50A9}.Release|Any CPU.ActiveCfg = Release|Any CPU
		{8409EEE1-0320-4B8E-863E-C636B71F50A9}.Release|Any CPU.Build.0 = Release|Any CPU
		{8409EEE1-0320-4B8E-863E-C636B71F50A9}.Release|iPhone.ActiveCfg = Release|Any CPU
		{8409EEE1-0320-4B8E-863E-C636B71F50A9}.Release|iPhone.Build.0 = Release|Any CPU
		{8409EEE1-0320-4B8E-863E-C636B71F50A9}.Release|iPhoneSimulator.ActiveCfg = Release|Any CPU
		{8409EEE1-0320-4B8E-863E-C636B71F50A9}.Release|iPhoneSimulator.Build.0 = Release|Any CPU
	EndGlobalSection
EndGlobal
